
Microsoft Visual Studio Solution File, Format Version 12.00
# Visual Studio Version 17
VisualStudioVersion = 17.9.34902.65
MinimumVisualStudioVersion = 10.0.40219.1
Project("{FAE04EC0-301F-11D3-BF4B-00C04F79EFBC}") = "GestionEntreprise", "GestionEntreprise.csproj", "{1C1A70DA-A80B-4C3E-980E-2FCABA99EC4D}"
EndProject
Global
	GlobalSection(SolutionConfigurationPlatforms) = preSolution
		Debug|Any CPU = Debug|Any CPU
		Release|Any CPU = Release|Any CPU
	EndGlobalSection
	GlobalSection(ProjectConfigurationPlatforms) = postSolution
		{1C1A70DA-A80B-4C3E-980E-2FCABA99EC4D}.Debug|Any CPU.ActiveCfg = Debug|Any CPU
		{1C1A70DA-A80B-4C3E-980E-2FCABA99EC4D}.Debug|Any CPU.Build.0 = Debug|Any CPU
		{1C1A70DA-A80B-4C3E-980E-2FCABA99EC4D}.Release|Any CPU.ActiveCfg = Release|Any CPU
		{1C1A70DA-A80B-4C3E-980E-2FCABA99EC4D}.Release|Any CPU.Build.0 = Release|Any CPU
	EndGlobalSection
	GlobalSection(SolutionProperties) = preSolution
		HideSolutionNode = FALSE
	EndGlobalSection
	GlobalSection(ExtensibilityGlobals) = postSolution
		SolutionGuid = {404DCB86-2A82-43D2-AC0F-B4F0D9C9542B}
	EndGlobalSection
EndGlobal
